
Microsoft Visual Studio Solution File, Format Version 12.00
# Visual Studio Version 17
VisualStudioVersion = 17.14.36811.4 d17.14
MinimumVisualStudioVersion = 10.0.40219.1
Project("{FC65038C-1B2F-41E1-A629-BED71D161FFF}") = "CopilotAgentHost (USR) [Copilot Toolbox]", "CopilotAgentHost\CopilotAgentHost.rnrproj", "{7FD49DF8-B6B9-4F6D-A3AF-B4AA7BB8041E}"
EndProject
Global
	GlobalSection(SolutionConfigurationPlatforms) = preSolution
		Debug|Any CPU = Debug|Any CPU
	EndGlobalSection
	GlobalSection(ProjectConfigurationPlatforms) = postSolution
		{7FD49DF8-B6B9-4F6D-A3AF-B4AA7BB8041E}.Debug|Any CPU.ActiveCfg = Debug|Any CPU
		{7FD49DF8-B6B9-4F6D-A3AF-B4AA7BB8041E}.Debug|Any CPU.Build.0 = Debug|Any CPU
	EndGlobalSection
	GlobalSection(SolutionProperties) = preSolution
		HideSolutionNode = FALSE
	EndGlobalSection
	GlobalSection(ExtensibilityGlobals) = postSolution
		SolutionGuid = {939EE0DA-149C-4531-A845-52068336A982}
	EndGlobalSection
EndGlobal
