
Microsoft Visual Studio Solution File, Format Version 12.00
# Visual Studio Version 17
VisualStudioVersion = 17.14.36811.4 d17.14
MinimumVisualStudioVersion = 10.0.40219.1
Project("{FC65038C-1B2F-41E1-A629-BED71D161FFF}") = "CopilotHostExamples (USR) [Copilot Toolbox Examples]", "CopilotHostExamples\CopilotHostExamples.rnrproj", "{29EAE5C0-3631-476B-98C4-985000F9CBAF}"
EndProject
Global
	GlobalSection(SolutionConfigurationPlatforms) = preSolution
		Debug|Any CPU = Debug|Any CPU
	EndGlobalSection
	GlobalSection(ProjectConfigurationPlatforms) = postSolution
		{29EAE5C0-3631-476B-98C4-985000F9CBAF}.Debug|Any CPU.ActiveCfg = Debug|Any CPU
		{29EAE5C0-3631-476B-98C4-985000F9CBAF}.Debug|Any CPU.Build.0 = Debug|Any CPU
	EndGlobalSection
	GlobalSection(SolutionProperties) = preSolution
		HideSolutionNode = FALSE
	EndGlobalSection
	GlobalSection(ExtensibilityGlobals) = postSolution
		SolutionGuid = {6851DB1F-8257-465A-99AD-3909722D90E1}
	EndGlobalSection
EndGlobal
